// !$*UTF8*$!
{
	archiveVersion = 1;
	classes = {
	};
	objectVersion = 56;
	objects = {

/* Begin PBXBuildFile section */
		3C3370832A75CB1000620F62 /* Domain in Frameworks */ = {isa = PBXBuildFile; productRef = 3C3370822A75CB1000620F62 /* Domain */; };
		3C9394B32A759846004EA202 /* Api in Frameworks */ = {isa = PBXBuildFile; productRef = 3C9394B22A759846004EA202 /* Api */; };
		3CEA68F42A61AC3E006CF991 /* CleanCodeApiPOCApp.swift in Sources */ = {isa = PBXBuildFile; fileRef = 3CEA68F32A61AC3E006CF991 /* CleanCodeApiPOCApp.swift */; };
		3CEA68F82A61AC3F006CF991 /* Assets.xcassets in Resources */ = {isa = PBXBuildFile; fileRef = 3CEA68F72A61AC3F006CF991 /* Assets.xcassets */; };
		3CEA68FB2A61AC3F006CF991 /* Preview Assets.xcassets in Resources */ = {isa = PBXBuildFile; fileRef = 3CEA68FA2A61AC3F006CF991 /* Preview Assets.xcassets */; };
		3CEA69142A61AE92006CF991 /* SellersView.swift in Sources */ = {isa = PBXBuildFile; fileRef = 3CEA69132A61AE92006CF991 /* SellersView.swift */; };
		3CEA69162A61AEBD006CF991 /* SellersViewModel.swift in Sources */ = {isa = PBXBuildFile; fileRef = 3CEA69152A61AEBD006CF991 /* SellersViewModel.swift */; };
/* End PBXBuildFile section */

/* Begin PBXFileReference section */
		3C9394B02A7597ED004EA202 /* Api */ = {isa = PBXFileReference; lastKnownFileType = wrapper; path = Api; sourceTree = "<group>"; };
		3C9394BC2A75C78A004EA202 /* Domain */ = {isa = PBXFileReference; lastKnownFileType = wrapper; path = Domain; sourceTree = "<group>"; };
		3CEA68F02A61AC3E006CF991 /* CleanCodeApiPOC.app */ = {isa = PBXFileReference; explicitFileType = wrapper.application; includeInIndex = 0; path = CleanCodeApiPOC.app; sourceTree = BUILT_PRODUCTS_DIR; };
		3CEA68F32A61AC3E006CF991 /* CleanCodeApiPOCApp.swift */ = {isa = PBXFileReference; lastKnownFileType = sourcecode.swift; path = CleanCodeApiPOCApp.swift; sourceTree = "<group>"; };
		3CEA68F72A61AC3F006CF991 /* Assets.xcassets */ = {isa = PBXFileReference; lastKnownFileType = folder.assetcatalog; path = Assets.xcassets; sourceTree = "<group>"; };
		3CEA68FA2A61AC3F006CF991 /* Preview Assets.xcassets */ = {isa = PBXFileReference; lastKnownFileType = folder.assetcatalog; path = "Preview Assets.xcassets"; sourceTree = "<group>"; };
		3CEA69132A61AE92006CF991 /* SellersView.swift */ = {isa = PBXFileReference; lastKnownFileType = sourcecode.swift; path = SellersView.swift; sourceTree = "<group>"; };
		3CEA69152A61AEBD006CF991 /* SellersViewModel.swift */ = {isa = PBXFileReference; lastKnownFileType = sourcecode.swift; path = SellersViewModel.swift; sourceTree = "<group>"; };
/* End PBXFileReference section */

/* Begin PBXFrameworksBuildPhase section */
		3CEA68ED2A61AC3E006CF991 /* Frameworks */ = {
			isa = PBXFrameworksBuildPhase;
			buildActionMask = 2147483647;
			files = (
				3C3370832A75CB1000620F62 /* Domain in Frameworks */,
				3C9394B32A759846004EA202 /* Api in Frameworks */,
			);
			runOnlyForDeploymentPostprocessing = 0;
		};
/* End PBXFrameworksBuildPhase section */

/* Begin PBXGroup section */
		3C2B9E8D2A64727D00671AB4 /* Frameworks */ = {
			isa = PBXGroup;
			children = (
			);
			name = Frameworks;
			sourceTree = "<group>";
		};
		3CEA68E72A61AC3E006CF991 = {
			isa = PBXGroup;
			children = (
				3C9394B02A7597ED004EA202 /* Api */,
				3C9394BC2A75C78A004EA202 /* Domain */,
				3CEA68F22A61AC3E006CF991 /* CleanCodeApiPOC */,
				3CEA68F12A61AC3E006CF991 /* Products */,
				3C2B9E8D2A64727D00671AB4 /* Frameworks */,
			);
			sourceTree = "<group>";
		};
		3CEA68F12A61AC3E006CF991 /* Products */ = {
			isa = PBXGroup;
			children = (
				3CEA68F02A61AC3E006CF991 /* CleanCodeApiPOC.app */,
			);
			name = Products;
			sourceTree = "<group>";
		};
		3CEA68F22A61AC3E006CF991 /* CleanCodeApiPOC */ = {
			isa = PBXGroup;
			children = (
				3CEA69122A61AE82006CF991 /* Presentation */,
				3CEA68F72A61AC3F006CF991 /* Assets.xcassets */,
				3CEA68F92A61AC3F006CF991 /* Preview Content */,
			);
			path = CleanCodeApiPOC;
			sourceTree = "<group>";
		};
		3CEA68F92A61AC3F006CF991 /* Preview Content */ = {
			isa = PBXGroup;
			children = (
				3CEA68FA2A61AC3F006CF991 /* Preview Assets.xcassets */,
			);
			path = "Preview Content";
			sourceTree = "<group>";
		};
		3CEA69122A61AE82006CF991 /* Presentation */ = {
			isa = PBXGroup;
			children = (
				3CEA68F32A61AC3E006CF991 /* CleanCodeApiPOCApp.swift */,
				3CEA69172A61AF3C006CF991 /* Features */,
			);
			path = Presentation;
			sourceTree = "<group>";
		};
		3CEA69172A61AF3C006CF991 /* Features */ = {
			isa = PBXGroup;
			children = (
				3CEA69182A61AF47006CF991 /* Sellers */,
			);
			path = Features;
			sourceTree = "<group>";
		};
		3CEA69182A61AF47006CF991 /* Sellers */ = {
			isa = PBXGroup;
			children = (
				3CEA69132A61AE92006CF991 /* SellersView.swift */,
				3CEA69152A61AEBD006CF991 /* SellersViewModel.swift */,
			);
			path = Sellers;
			sourceTree = "<group>";
		};
/* End PBXGroup section */

/* Begin PBXNativeTarget section */
		3CEA68EF2A61AC3E006CF991 /* CleanCodeApiPOC */ = {
			isa = PBXNativeTarget;
			buildConfigurationList = 3CEA68FE2A61AC3F006CF991 /* Build configuration list for PBXNativeTarget "CleanCodeApiPOC" */;
			buildPhases = (
				3CEA68EC2A61AC3E006CF991 /* Sources */,
				3CEA68ED2A61AC3E006CF991 /* Frameworks */,
				3CEA68EE2A61AC3E006CF991 /* Resources */,
				3C99AE6C2A76ED2C0062FDD4 /* SwiftLint */,
			);
			buildRules = (
			);
			dependencies = (
			);
			name = CleanCodeApiPOC;
			packageProductDependencies = (
				3C9394B22A759846004EA202 /* Api */,
				3C3370822A75CB1000620F62 /* Domain */,
			);
			productName = CleanCodeApiPOC;
			productReference = 3CEA68F02A61AC3E006CF991 /* CleanCodeApiPOC.app */;
			productType = "com.apple.product-type.application";
		};
/* End PBXNativeTarget section */

/* Begin PBXProject section */
		3CEA68E82A61AC3E006CF991 /* Project object */ = {
			isa = PBXProject;
			attributes = {
				BuildIndependentTargetsInParallel = 1;
				LastSwiftUpdateCheck = 1430;
				LastUpgradeCheck = 1430;
				TargetAttributes = {
					3CEA68EF2A61AC3E006CF991 = {
						CreatedOnToolsVersion = 14.3.1;
					};
				};
			};
			buildConfigurationList = 3CEA68EB2A61AC3E006CF991 /* Build configuration list for PBXProject "CleanCodeApiPOC" */;
			compatibilityVersion = "Xcode 14.0";
			developmentRegion = en;
			hasScannedForEncodings = 0;
			knownRegions = (
				en,
				Base,
			);
			mainGroup = 3CEA68E72A61AC3E006CF991;
			productRefGroup = 3CEA68F12A61AC3E006CF991 /* Products */;
			projectDirPath = "";
			projectRoot = "";
			targets = (
				3CEA68EF2A61AC3E006CF991 /* CleanCodeApiPOC */,
			);
		};
/* End PBXProject section */

/* Begin PBXResourcesBuildPhase section */
		3CEA68EE2A61AC3E006CF991 /* Resources */ = {
			isa = PBXResourcesBuildPhase;
			buildActionMask = 2147483647;
			files = (
				3CEA68FB2A61AC3F006CF991 /* Preview Assets.xcassets in Resources */,
				3CEA68F82A61AC3F006CF991 /* Assets.xcassets in Resources */,
			);
			runOnlyForDeploymentPostprocessing = 0;
		};
/* End PBXResourcesBuildPhase section */

/* Begin PBXShellScriptBuildPhase section */
		3C99AE6C2A76ED2C0062FDD4 /* SwiftLint */ = {
			isa = PBXShellScriptBuildPhase;
			alwaysOutOfDate = 1;
			buildActionMask = 2147483647;
			files = (
			);
			inputFileListPaths = (
			);
			inputPaths = (
			);
			name = SwiftLint;
			outputFileListPaths = (
			);
			outputPaths = (
			);
			runOnlyForDeploymentPostprocessing = 0;
			shellPath = /bin/sh;
			shellScript = "if [[ \"$(uname -m)\" == arm64 ]]; then\n    export PATH=\"/opt/homebrew/bin:$PATH\"\nfi\n\nif which swiftlint > /dev/null; then\n  swiftlint\nelse\n  echo \"warning: SwiftLint not installed, download from https://github.com/realm/SwiftLint\"\nfi\n";
		};
/* End PBXShellScriptBuildPhase section */

/* Begin PBXSourcesBuildPhase section */
		3CEA68EC2A61AC3E006CF991 /* Sources */ = {
			isa = PBXSourcesBuildPhase;
			buildActionMask = 2147483647;
			files = (
				3CEA69162A61AEBD006CF991 /* SellersViewModel.swift in Sources */,
				3CEA69142A61AE92006CF991 /* SellersView.swift in Sources */,
				3CEA68F42A61AC3E006CF991 /* CleanCodeApiPOCApp.swift in Sources */,
			);
			runOnlyForDeploymentPostprocessing = 0;
		};
/* End PBXSourcesBuildPhase section */

/* Begin XCBuildConfiguration section */
		3CEA68FC2A61AC3F006CF991 /* Debug */ = {
			isa = XCBuildConfiguration;
			buildSettings = {
				ALWAYS_SEARCH_USER_PATHS = NO;
				CLANG_ANALYZER_NONNULL = YES;
				CLANG_ANALYZER_NUMBER_OBJECT_CONVERSION = YES_AGGRESSIVE;
				CLANG_CXX_LANGUAGE_STANDARD = "gnu++20";
				CLANG_ENABLE_MODULES = YES;
				CLANG_ENABLE_OBJC_ARC = YES;
				CLANG_ENABLE_OBJC_WEAK = YES;
				CLANG_WARN_BLOCK_CAPTURE_AUTORELEASING = YES;
				CLANG_WARN_BOOL_CONVERSION = YES;
				CLANG_WARN_COMMA = YES;
				CLANG_WARN_CONSTANT_CONVERSION = YES;
				CLANG_WARN_DEPRECATED_OBJC_IMPLEMENTATIONS = YES;
				CLANG_WARN_DIRECT_OBJC_ISA_USAGE = YES_ERROR;
				CLANG_WARN_DOCUMENTATION_COMMENTS = YES;
				CLANG_WARN_EMPTY_BODY = YES;
				CLANG_WARN_ENUM_CONVERSION = YES;
				CLANG_WARN_INFINITE_RECURSION = YES;
				CLANG_WARN_INT_CONVERSION = YES;
				CLANG_WARN_NON_LITERAL_NULL_CONVERSION = YES;
				CLANG_WARN_OBJC_IMPLICIT_RETAIN_SELF = YES;
				CLANG_WARN_OBJC_LITERAL_CONVERSION = YES;
				CLANG_WARN_OBJC_ROOT_CLASS = YES_ERROR;
				CLANG_WARN_QUOTED_INCLUDE_IN_FRAMEWORK_HEADER = YES;
				CLANG_WARN_RANGE_LOOP_ANALYSIS = YES;
				CLANG_WARN_STRICT_PROTOTYPES = YES;
				CLANG_WARN_SUSPICIOUS_MOVE = YES;
				CLANG_WARN_UNGUARDED_AVAILABILITY = YES_AGGRESSIVE;
				CLANG_WARN_UNREACHABLE_CODE = YES;
				CLANG_WARN__DUPLICATE_METHOD_MATCH = YES;
				COPY_PHASE_STRIP = NO;
				DEBUG_INFORMATION_FORMAT = dwarf;
				ENABLE_STRICT_OBJC_MSGSEND = YES;
				ENABLE_TESTABILITY = YES;
				GCC_C_LANGUAGE_STANDARD = gnu11;
				GCC_DYNAMIC_NO_PIC = NO;
				GCC_NO_COMMON_BLOCKS = YES;
				GCC_OPTIMIZATION_LEVEL = 0;
				GCC_PREPROCESSOR_DEFINITIONS = (
					"DEBUG=1",
					"$(inherited)",
				);
				GCC_WARN_64_TO_32_BIT_CONVERSION = YES;
				GCC_WARN_ABOUT_RETURN_TYPE = YES_ERROR;
				GCC_WARN_UNDECLARED_SELECTOR = YES;
				GCC_WARN_UNINITIALIZED_AUTOS = YES_AGGRESSIVE;
				GCC_WARN_UNUSED_FUNCTION = YES;
				GCC_WARN_UNUSED_VARIABLE = YES;
				IPHONEOS_DEPLOYMENT_TARGET = 16.4;
				MTL_ENABLE_DEBUG_INFO = INCLUDE_SOURCE;
				MTL_FAST_MATH = YES;
				ONLY_ACTIVE_ARCH = YES;
				SDKROOT = iphoneos;
				SWIFT_ACTIVE_COMPILATION_CONDITIONS = DEBUG;
				SWIFT_OPTIMIZATION_LEVEL = "-Onone";
			};
			name = Debug;
		};
		3CEA68FD2A61AC3F006CF991 /* Release */ = {
			isa = XCBuildConfiguration;
			buildSettings = {
				ALWAYS_SEARCH_USER_PATHS = NO;
				CLANG_ANALYZER_NONNULL = YES;
				CLANG_ANALYZER_NUMBER_OBJECT_CONVERSION = YES_AGGRESSIVE;
				CLANG_CXX_LANGUAGE_STANDARD = "gnu++20";
				CLANG_ENABLE_MODULES = YES;
				CLANG_ENABLE_OBJC_ARC = YES;
				CLANG_ENABLE_OBJC_WEAK = YES;
				CLANG_WARN_BLOCK_CAPTURE_AUTORELEASING = YES;
				CLANG_WARN_BOOL_CONVERSION = YES;
				CLANG_WARN_COMMA = YES;
				CLANG_WARN_CONSTANT_CONVERSION = YES;
				CLANG_WARN_DEPRECATED_OBJC_IMPLEMENTATIONS = YES;
				CLANG_WARN_DIRECT_OBJC_ISA_USAGE = YES_ERROR;
				CLANG_WARN_DOCUMENTATION_COMMENTS = YES;
				CLANG_WARN_EMPTY_BODY = YES;
				CLANG_WARN_ENUM_CONVERSION = YES;
				CLANG_WARN_INFINITE_RECURSION = YES;
				CLANG_WARN_INT_CONVERSION = YES;
				CLANG_WARN_NON_LITERAL_NULL_CONVERSION = YES;
				CLANG_WARN_OBJC_IMPLICIT_RETAIN_SELF = YES;
				CLANG_WARN_OBJC_LITERAL_CONVERSION = YES;
				CLANG_WARN_OBJC_ROOT_CLASS = YES_ERROR;
				CLANG_WARN_QUOTED_INCLUDE_IN_FRAMEWORK_HEADER = YES;
				CLANG_WARN_RANGE_LOOP_ANALYSIS = YES;
				CLANG_WARN_STRICT_PROTOTYPES = YES;
				CLANG_WARN_SUSPICIOUS_MOVE = YES;
				CLANG_WARN_UNGUARDED_AVAILABILITY = YES_AGGRESSIVE;
				CLANG_WARN_UNREACHABLE_CODE = YES;
				CLANG_WARN__DUPLICATE_METHOD_MATCH = YES;
				COPY_PHASE_STRIP = NO;
				DEBUG_INFORMATION_FORMAT = "dwarf-with-dsym";
				ENABLE_NS_ASSERTIONS = NO;
				ENABLE_STRICT_OBJC_MSGSEND = YES;
				GCC_C_LANGUAGE_STANDARD = gnu11;
				GCC_NO_COMMON_BLOCKS = YES;
				GCC_WARN_64_TO_32_BIT_CONVERSION = YES;
				GCC_WARN_ABOUT_RETURN_TYPE = YES_ERROR;
				GCC_WARN_UNDECLARED_SELECTOR = YES;
				GCC_WARN_UNINITIALIZED_AUTOS = YES_AGGRESSIVE;
				GCC_WARN_UNUSED_FUNCTION = YES;
				GCC_WARN_UNUSED_VARIABLE = YES;
				IPHONEOS_DEPLOYMENT_TARGET = 16.4;
				MTL_ENABLE_DEBUG_INFO = NO;
				MTL_FAST_MATH = YES;
				SDKROOT = iphoneos;
				SWIFT_COMPILATION_MODE = wholemodule;
				SWIFT_OPTIMIZATION_LEVEL = "-O";
				VALIDATE_PRODUCT = YES;
			};
			name = Release;
		};
		3CEA68FF2A61AC3F006CF991 /* Debug */ = {
			isa = XCBuildConfiguration;
			buildSettings = {
				ASSETCATALOG_COMPILER_APPICON_NAME = AppIcon;
				ASSETCATALOG_COMPILER_GLOBAL_ACCENT_COLOR_NAME = AccentColor;
				CODE_SIGN_STYLE = Automatic;
				CURRENT_PROJECT_VERSION = 1;
				DEVELOPMENT_ASSET_PATHS = "\"CleanCodeApiPOC/Preview Content\"";
				DEVELOPMENT_TEAM = 99M75C322U;
				ENABLE_PREVIEWS = YES;
				GENERATE_INFOPLIST_FILE = YES;
				INFOPLIST_KEY_UIApplicationSceneManifest_Generation = YES;
				INFOPLIST_KEY_UIApplicationSupportsIndirectInputEvents = YES;
				INFOPLIST_KEY_UILaunchScreen_Generation = YES;
				INFOPLIST_KEY_UISupportedInterfaceOrientations_iPad = "UIInterfaceOrientationPortrait UIInterfaceOrientationPortraitUpsideDown UIInterfaceOrientationLandscapeLeft UIInterfaceOrientationLandscapeRight";
				INFOPLIST_KEY_UISupportedInterfaceOrientations_iPhone = "UIInterfaceOrientationPortrait UIInterfaceOrientationLandscapeLeft UIInterfaceOrientationLandscapeRight";
				IPHONEOS_DEPLOYMENT_TARGET = 17.0;
				LD_RUNPATH_SEARCH_PATHS = (
					"$(inherited)",
					"@executable_path/Frameworks",
				);
				MARKETING_VERSION = 1.0;
				PRODUCT_BUNDLE_IDENTIFIER = com.elliot.knight.CleanCodeApiPOC;
				PRODUCT_NAME = "$(TARGET_NAME)";
				SWIFT_EMIT_LOC_STRINGS = YES;
				SWIFT_VERSION = 5.0;
				TARGETED_DEVICE_FAMILY = "1,2";
			};
			name = Debug;
		};
		3CEA69002A61AC3F006CF991 /* Release */ = {
			isa = XCBuildConfiguration;
			buildSettings = {
				ASSETCATALOG_COMPILER_APPICON_NAME = AppIcon;
				ASSETCATALOG_COMPILER_GLOBAL_ACCENT_COLOR_NAME = AccentColor;
				CODE_SIGN_STYLE = Automatic;
				CURRENT_PROJECT_VERSION = 1;
				DEVELOPMENT_ASSET_PATHS = "\"CleanCodeApiPOC/Preview Content\"";
				DEVELOPMENT_TEAM = 99M75C322U;
				ENABLE_PREVIEWS = YES;
				GENERATE_INFOPLIST_FILE = YES;
				INFOPLIST_KEY_UIApplicationSceneManifest_Generation = YES;
				INFOPLIST_KEY_UIApplicationSupportsIndirectInputEvents = YES;
				INFOPLIST_KEY_UILaunchScreen_Generation = YES;
				INFOPLIST_KEY_UISupportedInterfaceOrientations_iPad = "UIInterfaceOrientationPortrait UIInterfaceOrientationPortraitUpsideDown UIInterfaceOrientationLandscapeLeft UIInterfaceOrientationLandscapeRight";
				INFOPLIST_KEY_UISupportedInterfaceOrientations_iPhone = "UIInterfaceOrientationPortrait UIInterfaceOrientationLandscapeLeft UIInterfaceOrientationLandscapeRight";
				IPHONEOS_DEPLOYMENT_TARGET = 17.0;
				LD_RUNPATH_SEARCH_PATHS = (
					"$(inherited)",
					"@executable_path/Frameworks",
				);
				MARKETING_VERSION = 1.0;
				PRODUCT_BUNDLE_IDENTIFIER = com.elliot.knight.CleanCodeApiPOC;
				PRODUCT_NAME = "$(TARGET_NAME)";
				SWIFT_EMIT_LOC_STRINGS = YES;
				SWIFT_VERSION = 5.0;
				TARGETED_DEVICE_FAMILY = "1,2";
			};
			name = Release;
		};
/* End XCBuildConfiguration section */

/* Begin XCConfigurationList section */
		3CEA68EB2A61AC3E006CF991 /* Build configuration list for PBXProject "CleanCodeApiPOC" */ = {
			isa = XCConfigurationList;
			buildConfigurations = (
				3CEA68FC2A61AC3F006CF991 /* Debug */,
				3CEA68FD2A61AC3F006CF991 /* Release */,
			);
			defaultConfigurationIsVisible = 0;
			defaultConfigurationName = Release;
		};
		3CEA68FE2A61AC3F006CF991 /* Build configuration list for PBXNativeTarget "CleanCodeApiPOC" */ = {
			isa = XCConfigurationList;
			buildConfigurations = (
				3CEA68FF2A61AC3F006CF991 /* Debug */,
				3CEA69002A61AC3F006CF991 /* Release */,
			);
			defaultConfigurationIsVisible = 0;
			defaultConfigurationName = Release;
		};
/* End XCConfigurationList section */

/* Begin XCSwiftPackageProductDependency section */
		3C3370822A75CB1000620F62 /* Domain */ = {
			isa = XCSwiftPackageProductDependency;
			productName = Domain;
		};
		3C9394B22A759846004EA202 /* Api */ = {
			isa = XCSwiftPackageProductDependency;
			productName = Api;
		};
/* End XCSwiftPackageProductDependency section */
	};
	rootObject = 3CEA68E82A61AC3E006CF991 /* Project object */;
}
